
Microsoft Visual Studio Solution File, Format Version 12.00
# Visual Studio Version 16
VisualStudioVersion = 25.0.1700.4
MinimumVisualStudioVersion = 10.0.40219.1
Project("{FAE04EC0-301F-11D3-BF4B-00C04F79EFBC}") = "ConsoleUI", "ConsoleUI\ConsoleUI.csproj", "{63EC4517-D541-421D-9485-BD4612EC01A3}"
EndProject
Global
	GlobalSection(SolutionConfigurationPlatforms) = preSolution
		Debug|Any CPU = Debug|Any CPU
		Release|Any CPU = Release|Any CPU
	EndGlobalSection
	GlobalSection(ProjectConfigurationPlatforms) = postSolution
		{63EC4517-D541-421D-9485-BD4612EC01A3}.Debug|Any CPU.ActiveCfg = Debug|Any CPU
		{63EC4517-D541-421D-9485-BD4612EC01A3}.Debug|Any CPU.Build.0 = Debug|Any CPU
		{63EC4517-D541-421D-9485-BD4612EC01A3}.Release|Any CPU.ActiveCfg = Release|Any CPU
		{63EC4517-D541-421D-9485-BD4612EC01A3}.Release|Any CPU.Build.0 = Release|Any CPU
	EndGlobalSection
	GlobalSection(SolutionProperties) = preSolution
		HideSolutionNode = FALSE
	EndGlobalSection
	GlobalSection(ExtensibilityGlobals) = postSolution
		SolutionGuid = {AF654189-61F2-4AB1-BBF7-5E580CB4FDDB}
	EndGlobalSection
EndGlobal
